// !$*UTF8*$!
{
	archiveVersion = 1;
	classes = {
	};
	objectVersion = 50;
	objects = {

/* Begin PBXBuildFile section */
		F1E726CA2411E68B006D78E3 /* AppDelegate.swift in Sources */ = {isa = PBXBuildFile; fileRef = F1E726C92411E68B006D78E3 /* AppDelegate.swift */; };
		F1E726CC2411E68B006D78E3 /* SceneDelegate.swift in Sources */ = {isa = PBXBuildFile; fileRef = F1E726CB2411E68B006D78E3 /* SceneDelegate.swift */; };
		F1E726CE2411E68B006D78E3 /* ViewController.swift in Sources */ = {isa = PBXBuildFile; fileRef = F1E726CD2411E68B006D78E3 /* ViewController.swift */; };
		F1E726D12411E68B006D78E3 /* Main.storyboard in Resources */ = {isa = PBXBuildFile; fileRef = F1E726CF2411E68B006D78E3 /* Main.storyboard */; };
		F1E726D32411E68E006D78E3 /* Assets.xcassets in Resources */ = {isa = PBXBuildFile; fileRef = F1E726D22411E68E006D78E3 /* Assets.xcassets */; };
		F1E726D62411E68E006D78E3 /* LaunchScreen.storyboard in Resources */ = {isa = PBXBuildFile; fileRef = F1E726D42411E68E006D78E3 /* LaunchScreen.storyboard */; };
		F1E726E12411E68E006D78E3 /* ParstagramTests.swift in Sources */ = {isa = PBXBuildFile; fileRef = F1E726E02411E68E006D78E3 /* ParstagramTests.swift */; };
		F1E726EC2411E68F006D78E3 /* ParstagramUITests.swift in Sources */ = {isa = PBXBuildFile; fileRef = F1E726EB2411E68F006D78E3 /* ParstagramUITests.swift */; };
/* End PBXBuildFile section */

/* Begin PBXContainerItemProxy section */
		F1E726DD2411E68E006D78E3 /* PBXContainerItemProxy */ = {
			isa = PBXContainerItemProxy;
			containerPortal = F1E726BE2411E68B006D78E3 /* Project object */;
			proxyType = 1;
			remoteGlobalIDString = F1E726C52411E68B006D78E3;
			remoteInfo = Parstagram;
		};
		F1E726E82411E68F006D78E3 /* PBXContainerItemProxy */ = {
			isa = PBXContainerItemProxy;
			containerPortal = F1E726BE2411E68B006D78E3 /* Project object */;
			proxyType = 1;
			remoteGlobalIDString = F1E726C52411E68B006D78E3;
			remoteInfo = Parstagram;
		};
/* End PBXContainerItemProxy section */

/* Begin PBXFileReference section */
		F1E726C62411E68B006D78E3 /* Parstagram.app */ = {isa = PBXFileReference; explicitFileType = wrapper.application; includeInIndex = 0; path = Parstagram.app; sourceTree = BUILT_PRODUCTS_DIR; };
		F1E726C92411E68B006D78E3 /* AppDelegate.swift */ = {isa = PBXFileReference; lastKnownFileType = sourcecode.swift; path = AppDelegate.swift; sourceTree = "<group>"; };
		F1E726CB2411E68B006D78E3 /* SceneDelegate.swift */ = {isa = PBXFileReference; lastKnownFileType = sourcecode.swift; path = SceneDelegate.swift; sourceTree = "<group>"; };
		F1E726CD2411E68B006D78E3 /* ViewController.swift */ = {isa = PBXFileReference; lastKnownFileType = sourcecode.swift; path = ViewController.swift; sourceTree = "<group>"; };
		F1E726D02411E68B006D78E3 /* Base */ = {isa = PBXFileReference; lastKnownFileType = file.storyboard; name = Base; path = Base.lproj/Main.storyboard; sourceTree = "<group>"; };
		F1E726D22411E68E006D78E3 /* Assets.xcassets */ = {isa = PBXFileReference; lastKnownFileType = folder.assetcatalog; path = Assets.xcassets; sourceTree = "<group>"; };
		F1E726D52411E68E006D78E3 /* Base */ = {isa = PBXFileReference; lastKnownFileType = file.storyboard; name = Base; path = Base.lproj/LaunchScreen.storyboard; sourceTree = "<group>"; };
		F1E726D72411E68E006D78E3 /* Info.plist */ = {isa = PBXFileReference; lastKnownFileType = text.plist.xml; path = Info.plist; sourceTree = "<group>"; };
		F1E726DC2411E68E006D78E3 /* ParstagramTests.xctest */ = {isa = PBXFileReference; explicitFileType = wrapper.cfbundle; includeInIndex = 0; path = ParstagramTests.xctest; sourceTree = BUILT_PRODUCTS_DIR; };
		F1E726E02411E68E006D78E3 /* ParstagramTests.swift */ = {isa = PBXFileReference; lastKnownFileType = sourcecode.swift; path = ParstagramTests.swift; sourceTree = "<group>"; };
		F1E726E22411E68E006D78E3 /* Info.plist */ = {isa = PBXFileReference; lastKnownFileType = text.plist.xml; path = Info.plist; sourceTree = "<group>"; };
		F1E726E72411E68F006D78E3 /* ParstagramUITests.xctest */ = {isa = PBXFileReference; explicitFileType = wrapper.cfbundle; includeInIndex = 0; path = ParstagramUITests.xctest; sourceTree = BUILT_PRODUCTS_DIR; };
		F1E726EB2411E68F006D78E3 /* ParstagramUITests.swift */ = {isa = PBXFileReference; lastKnownFileType = sourcecode.swift; path = ParstagramUITests.swift; sourceTree = "<group>"; };
		F1E726ED2411E68F006D78E3 /* Info.plist */ = {isa = PBXFileReference; lastKnownFileType = text.plist.xml; path = Info.plist; sourceTree = "<group>"; };
/* End PBXFileReference section */

/* Begin PBXFrameworksBuildPhase section */
		F1E726C32411E68B006D78E3 /* Frameworks */ = {
			isa = PBXFrameworksBuildPhase;
			buildActionMask = 2147483647;
			files = (
			);
			runOnlyForDeploymentPostprocessing = 0;
		};
		F1E726D92411E68E006D78E3 /* Frameworks */ = {
			isa = PBXFrameworksBuildPhase;
			buildActionMask = 2147483647;
			files = (
			);
			runOnlyForDeploymentPostprocessing = 0;
		};
		F1E726E42411E68F006D78E3 /* Frameworks */ = {
			isa = PBXFrameworksBuildPhase;
			buildActionMask = 2147483647;
			files = (
			);
			runOnlyForDeploymentPostprocessing = 0;
		};
/* End PBXFrameworksBuildPhase section */

/* Begin PBXGroup section */
		F1E726BD2411E68B006D78E3 = {
			isa = PBXGroup;
			children = (
				F1E726C82411E68B006D78E3 /* Parstagram */,
				F1E726DF2411E68E006D78E3 /* ParstagramTests */,
				F1E726EA2411E68F006D78E3 /* ParstagramUITests */,
				F1E726C72411E68B006D78E3 /* Products */,
			);
			sourceTree = "<group>";
		};
		F1E726C72411E68B006D78E3 /* Products */ = {
			isa = PBXGroup;
			children = (
				F1E726C62411E68B006D78E3 /* Parstagram.app */,
				F1E726DC2411E68E006D78E3 /* ParstagramTests.xctest */,
				F1E726E72411E68F006D78E3 /* ParstagramUITests.xctest */,
			);
			name = Products;
			sourceTree = "<group>";
		};
		F1E726C82411E68B006D78E3 /* Parstagram */ = {
			isa = PBXGroup;
			children = (
				F1E726C92411E68B006D78E3 /* AppDelegate.swift */,
				F1E726CB2411E68B006D78E3 /* SceneDelegate.swift */,
				F1E726CD2411E68B006D78E3 /* ViewController.swift */,
				F1E726CF2411E68B006D78E3 /* Main.storyboard */,
				F1E726D22411E68E006D78E3 /* Assets.xcassets */,
				F1E726D42411E68E006D78E3 /* LaunchScreen.storyboard */,
				F1E726D72411E68E006D78E3 /* Info.plist */,
			);
			path = Parstagram;
			sourceTree = "<group>";
		};
		F1E726DF2411E68E006D78E3 /* ParstagramTests */ = {
			isa = PBXGroup;
			children = (
				F1E726E02411E68E006D78E3 /* ParstagramTests.swift */,
				F1E726E22411E68E006D78E3 /* Info.plist */,
			);
			path = ParstagramTests;
			sourceTree = "<group>";
		};
		F1E726EA2411E68F006D78E3 /* ParstagramUITests */ = {
			isa = PBXGroup;
			children = (
				F1E726EB2411E68F006D78E3 /* ParstagramUITests.swift */,
				F1E726ED2411E68F006D78E3 /* Info.plist */,
			);
			path = ParstagramUITests;
			sourceTree = "<group>";
		};
/* End PBXGroup section */

/* Begin PBXNativeTarget section */
		F1E726C52411E68B006D78E3 /* Parstagram */ = {
			isa = PBXNativeTarget;
			buildConfigurationList = F1E726F02411E68F006D78E3 /* Build configuration list for PBXNativeTarget "Parstagram" */;
			buildPhases = (
				F1E726C22411E68B006D78E3 /* Sources */,
				F1E726C32411E68B006D78E3 /* Frameworks */,
				F1E726C42411E68B006D78E3 /* Resources */,
			);
			buildRules = (
			);
			dependencies = (
			);
			name = Parstagram;
			productName = Parstagram;
			productReference = F1E726C62411E68B006D78E3 /* Parstagram.app */;
			productType = "com.apple.product-type.application";
		};
		F1E726DB2411E68E006D78E3 /* ParstagramTests */ = {
			isa = PBXNativeTarget;
			buildConfigurationList = F1E726F32411E68F006D78E3 /* Build configuration list for PBXNativeTarget "ParstagramTests" */;
			buildPhases = (
				F1E726D82411E68E006D78E3 /* Sources */,
				F1E726D92411E68E006D78E3 /* Frameworks */,
				F1E726DA2411E68E006D78E3 /* Resources */,
			);
			buildRules = (
			);
			dependencies = (
				F1E726DE2411E68E006D78E3 /* PBXTargetDependency */,
			);
			name = ParstagramTests;
			productName = ParstagramTests;
			productReference = F1E726DC2411E68E006D78E3 /* ParstagramTests.xctest */;
			productType = "com.apple.product-type.bundle.unit-test";
		};
		F1E726E62411E68F006D78E3 /* ParstagramUITests */ = {
			isa = PBXNativeTarget;
			buildConfigurationList = F1E726F62411E68F006D78E3 /* Build configuration list for PBXNativeTarget "ParstagramUITests" */;
			buildPhases = (
				F1E726E32411E68F006D78E3 /* Sources */,
				F1E726E42411E68F006D78E3 /* Frameworks */,
				F1E726E52411E68F006D78E3 /* Resources */,
			);
			buildRules = (
			);
			dependencies = (
				F1E726E92411E68F006D78E3 /* PBXTargetDependency */,
			);
			name = ParstagramUITests;
			productName = ParstagramUITests;
			productReference = F1E726E72411E68F006D78E3 /* ParstagramUITests.xctest */;
			productType = "com.apple.product-type.bundle.ui-testing";
		};
/* End PBXNativeTarget section */

/* Begin PBXProject section */
		F1E726BE2411E68B006D78E3 /* Project object */ = {
			isa = PBXProject;
			attributes = {
				LastSwiftUpdateCheck = 1130;
				LastUpgradeCheck = 1130;
				ORGANIZATIONNAME = salas.jorge;
				TargetAttributes = {
					F1E726C52411E68B006D78E3 = {
						CreatedOnToolsVersion = 11.3.1;
					};
					F1E726DB2411E68E006D78E3 = {
						CreatedOnToolsVersion = 11.3.1;
						TestTargetID = F1E726C52411E68B006D78E3;
					};
					F1E726E62411E68F006D78E3 = {
						CreatedOnToolsVersion = 11.3.1;
						TestTargetID = F1E726C52411E68B006D78E3;
					};
				};
			};
			buildConfigurationList = F1E726C12411E68B006D78E3 /* Build configuration list for PBXProject "Parstagram" */;
			compatibilityVersion = "Xcode 9.3";
			developmentRegion = en;
			hasScannedForEncodings = 0;
			knownRegions = (
				en,
				Base,
			);
			mainGroup = F1E726BD2411E68B006D78E3;
			productRefGroup = F1E726C72411E68B006D78E3 /* Products */;
			projectDirPath = "";
			projectRoot = "";
			targets = (
				F1E726C52411E68B006D78E3 /* Parstagram */,
				F1E726DB2411E68E006D78E3 /* ParstagramTests */,
				F1E726E62411E68F006D78E3 /* ParstagramUITests */,
			);
		};
/* End PBXProject section */

/* Begin PBXResourcesBuildPhase section */
		F1E726C42411E68B006D78E3 /* Resources */ = {
			isa = PBXResourcesBuildPhase;
			buildActionMask = 2147483647;
			files = (
				F1E726D62411E68E006D78E3 /* LaunchScreen.storyboard in Resources */,
				F1E726D32411E68E006D78E3 /* Assets.xcassets in Resources */,
				F1E726D12411E68B006D78E3 /* Main.storyboard in Resources */,
			);
			runOnlyForDeploymentPostprocessing = 0;
		};
		F1E726DA2411E68E006D78E3 /* Resources */ = {
			isa = PBXResourcesBuildPhase;
			buildActionMask = 2147483647;
			files = (
			);
			runOnlyForDeploymentPostprocessing = 0;
		};
		F1E726E52411E68F006D78E3 /* Resources */ = {
			isa = PBXResourcesBuildPhase;
			buildActionMask = 2147483647;
			files = (
			);
			runOnlyForDeploymentPostprocessing = 0;
		};
/* End PBXResourcesBuildPhase section */

/* Begin PBXSourcesBuildPhase section */
		F1E726C22411E68B006D78E3 /* Sources */ = {
			isa = PBXSourcesBuildPhase;
			buildActionMask = 2147483647;
			files = (
				F1E726CE2411E68B006D78E3 /* ViewController.swift in Sources */,
				F1E726CA2411E68B006D78E3 /* AppDelegate.swift in Sources */,
				F1E726CC2411E68B006D78E3 /* SceneDelegate.swift in Sources */,
			);
			runOnlyForDeploymentPostprocessing = 0;
		};
		F1E726D82411E68E006D78E3 /* Sources */ = {
			isa = PBXSourcesBuildPhase;
			buildActionMask = 2147483647;
			files = (
				F1E726E12411E68E006D78E3 /* ParstagramTests.swift in Sources */,
			);
			runOnlyForDeploymentPostprocessing = 0;
		};
		F1E726E32411E68F006D78E3 /* Sources */ = {
			isa = PBXSourcesBuildPhase;
			buildActionMask = 2147483647;
			files = (
				F1E726EC2411E68F006D78E3 /* ParstagramUITests.swift in Sources */,
			);
			runOnlyForDeploymentPostprocessing = 0;
		};
/* End PBXSourcesBuildPhase section */

/* Begin PBXTargetDependency section */
		F1E726DE2411E68E006D78E3 /* PBXTargetDependency */ = {
			isa = PBXTargetDependency;
			target = F1E726C52411E68B006D78E3 /* Parstagram */;
			targetProxy = F1E726DD2411E68E006D78E3 /* PBXContainerItemProxy */;
		};
		F1E726E92411E68F006D78E3 /* PBXTargetDependency */ = {
			isa = PBXTargetDependency;
			target = F1E726C52411E68B006D78E3 /* Parstagram */;
			targetProxy = F1E726E82411E68F006D78E3 /* PBXContainerItemProxy */;
		};
/* End PBXTargetDependency section */

/* Begin PBXVariantGroup section */
		F1E726CF2411E68B006D78E3 /* Main.storyboard */ = {
			isa = PBXVariantGroup;
			children = (
				F1E726D02411E68B006D78E3 /* Base */,
			);
			name = Main.storyboard;
			sourceTree = "<group>";
		};
		F1E726D42411E68E006D78E3 /* LaunchScreen.storyboard */ = {
			isa = PBXVariantGroup;
			children = (
				F1E726D52411E68E006D78E3 /* Base */,
			);
			name = LaunchScreen.storyboard;
			sourceTree = "<group>";
		};
/* End PBXVariantGroup section */

/* Begin XCBuildConfiguration section */
		F1E726EE2411E68F006D78E3 /* Debug */ = {
			isa = XCBuildConfiguration;
			buildSettings = {
				ALWAYS_SEARCH_USER_PATHS = NO;
				CLANG_ANALYZER_NONNULL = YES;
				CLANG_ANALYZER_NUMBER_OBJECT_CONVERSION = YES_AGGRESSIVE;
				CLANG_CXX_LANGUAGE_STANDARD = "gnu++14";
				CLANG_CXX_LIBRARY = "libc++";
				CLANG_ENABLE_MODULES = YES;
				CLANG_ENABLE_OBJC_ARC = YES;
				CLANG_ENABLE_OBJC_WEAK = YES;
				CLANG_WARN_BLOCK_CAPTURE_AUTORELEASING = YES;
				CLANG_WARN_BOOL_CONVERSION = YES;
				CLANG_WARN_COMMA = YES;
				CLANG_WARN_CONSTANT_CONVERSION = YES;
				CLANG_WARN_DEPRECATED_OBJC_IMPLEMENTATIONS = YES;
				CLANG_WARN_DIRECT_OBJC_ISA_USAGE = YES_ERROR;
				CLANG_WARN_DOCUMENTATION_COMMENTS = YES;
				CLANG_WARN_EMPTY_BODY = YES;
				CLANG_WARN_ENUM_CONVERSION = YES;
				CLANG_WARN_INFINITE_RECURSION = YES;
				CLANG_WARN_INT_CONVERSION = YES;
				CLANG_WARN_NON_LITERAL_NULL_CONVERSION = YES;
				CLANG_WARN_OBJC_IMPLICIT_RETAIN_SELF = YES;
				CLANG_WARN_OBJC_LITERAL_CONVERSION = YES;
				CLANG_WARN_OBJC_ROOT_CLASS = YES_ERROR;
				CLANG_WARN_RANGE_LOOP_ANALYSIS = YES;
				CLANG_WARN_STRICT_PROTOTYPES = YES;
				CLANG_WARN_SUSPICIOUS_MOVE = YES;
				CLANG_WARN_UNGUARDED_AVAILABILITY = YES_AGGRESSIVE;
				CLANG_WARN_UNREACHABLE_CODE = YES;
				CLANG_WARN__DUPLICATE_METHOD_MATCH = YES;
				COPY_PHASE_STRIP = NO;
				DEBUG_INFORMATION_FORMAT = dwarf;
				ENABLE_STRICT_OBJC_MSGSEND = YES;
				ENABLE_TESTABILITY = YES;
				GCC_C_LANGUAGE_STANDARD = gnu11;
				GCC_DYNAMIC_NO_PIC = NO;
				GCC_NO_COMMON_BLOCKS = YES;
				GCC_OPTIMIZATION_LEVEL = 0;
				GCC_PREPROCESSOR_DEFINITIONS = (
					"DEBUG=1",
					"$(inherited)",
				);
				GCC_WARN_64_TO_32_BIT_CONVERSION = YES;
				GCC_WARN_ABOUT_RETURN_TYPE = YES_ERROR;
				GCC_WARN_UNDECLARED_SELECTOR = YES;
				GCC_WARN_UNINITIALIZED_AUTOS = YES_AGGRESSIVE;
				GCC_WARN_UNUSED_FUNCTION = YES;
				GCC_WARN_UNUSED_VARIABLE = YES;
				IPHONEOS_DEPLOYMENT_TARGET = 13.2;
				MTL_ENABLE_DEBUG_INFO = INCLUDE_SOURCE;
				MTL_FAST_MATH = YES;
				ONLY_ACTIVE_ARCH = YES;
				SDKROOT = iphoneos;
				SWIFT_ACTIVE_COMPILATION_CONDITIONS = DEBUG;
				SWIFT_OPTIMIZATION_LEVEL = "-Onone";
			};
			name = Debug;
		};
		F1E726EF2411E68F006D78E3 /* Release */ = {
			isa = XCBuildConfiguration;
			buildSettings = {
				ALWAYS_SEARCH_USER_PATHS = NO;
				CLANG_ANALYZER_NONNULL = YES;
				CLANG_ANALYZER_NUMBER_OBJECT_CONVERSION = YES_AGGRESSIVE;
				CLANG_CXX_LANGUAGE_STANDARD = "gnu++14";
				CLANG_CXX_LIBRARY = "libc++";
				CLANG_ENABLE_MODULES = YES;
				CLANG_ENABLE_OBJC_ARC = YES;
				CLANG_ENABLE_OBJC_WEAK = YES;
				CLANG_WARN_BLOCK_CAPTURE_AUTORELEASING = YES;
				CLANG_WARN_BOOL_CONVERSION = YES;
				CLANG_WARN_COMMA = YES;
				CLANG_WARN_CONSTANT_CONVERSION = YES;
				CLANG_WARN_DEPRECATED_OBJC_IMPLEMENTATIONS = YES;
				CLANG_WARN_DIRECT_OBJC_ISA_USAGE = YES_ERROR;
				CLANG_WARN_DOCUMENTATION_COMMENTS = YES;
				CLANG_WARN_EMPTY_BODY = YES;
				CLANG_WARN_ENUM_CONVERSION = YES;
				CLANG_WARN_INFINITE_RECURSION = YES;
				CLANG_WARN_INT_CONVERSION = YES;
				CLANG_WARN_NON_LITERAL_NULL_CONVERSION = YES;
				CLANG_WARN_OBJC_IMPLICIT_RETAIN_SELF = YES;
				CLANG_WARN_OBJC_LITERAL_CONVERSION = YES;
				CLANG_WARN_OBJC_ROOT_CLASS = YES_ERROR;
				CLANG_WARN_RANGE_LOOP_ANALYSIS = YES;
				CLANG_WARN_STRICT_PROTOTYPES = YES;
				CLANG_WARN_SUSPICIOUS_MOVE = YES;
				CLANG_WARN_UNGUARDED_AVAILABILITY = YES_AGGRESSIVE;
				CLANG_WARN_UNREACHABLE_CODE = YES;
				CLANG_WARN__DUPLICATE_METHOD_MATCH = YES;
				COPY_PHASE_STRIP = NO;
				DEBUG_INFORMATION_FORMAT = "dwarf-with-dsym";
				ENABLE_NS_ASSERTIONS = NO;
				ENABLE_STRICT_OBJC_MSGSEND = YES;
				GCC_C_LANGUAGE_STANDARD = gnu11;
				GCC_NO_COMMON_BLOCKS = YES;
				GCC_WARN_64_TO_32_BIT_CONVERSION = YES;
				GCC_WARN_ABOUT_RETURN_TYPE = YES_ERROR;
				GCC_WARN_UNDECLARED_SELECTOR = YES;
				GCC_WARN_UNINITIALIZED_AUTOS = YES_AGGRESSIVE;
				GCC_WARN_UNUSED_FUNCTION = YES;
				GCC_WARN_UNUSED_VARIABLE = YES;
				IPHONEOS_DEPLOYMENT_TARGET = 13.2;
				MTL_ENABLE_DEBUG_INFO = NO;
				MTL_FAST_MATH = YES;
				SDKROOT = iphoneos;
				SWIFT_COMPILATION_MODE = wholemodule;
				SWIFT_OPTIMIZATION_LEVEL = "-O";
				VALIDATE_PRODUCT = YES;
			};
			name = Release;
		};
		F1E726F12411E68F006D78E3 /* Debug */ = {
			isa = XCBuildConfiguration;
			buildSettings = {
				ASSETCATALOG_COMPILER_APPICON_NAME = AppIcon;
				CODE_SIGN_STYLE = Automatic;
				INFOPLIST_FILE = Parstagram/Info.plist;
				LD_RUNPATH_SEARCH_PATHS = (
					"$(inherited)",
					"@executable_path/Frameworks",
				);
				PRODUCT_BUNDLE_IDENTIFIER = com.salas.jorge.Parstagram;
				PRODUCT_NAME = "$(TARGET_NAME)";
				SWIFT_VERSION = 5.0;
				TARGETED_DEVICE_FAMILY = "1,2";
			};
			name = Debug;
		};
		F1E726F22411E68F006D78E3 /* Release */ = {
			isa = XCBuildConfiguration;
			buildSettings = {
				ASSETCATALOG_COMPILER_APPICON_NAME = AppIcon;
				CODE_SIGN_STYLE = Automatic;
				INFOPLIST_FILE = Parstagram/Info.plist;
				LD_RUNPATH_SEARCH_PATHS = (
					"$(inherited)",
					"@executable_path/Frameworks",
				);
				PRODUCT_BUNDLE_IDENTIFIER = com.salas.jorge.Parstagram;
				PRODUCT_NAME = "$(TARGET_NAME)";
				SWIFT_VERSION = 5.0;
				TARGETED_DEVICE_FAMILY = "1,2";
			};
			name = Release;
		};
		F1E726F42411E68F006D78E3 /* Debug */ = {
			isa = XCBuildConfiguration;
			buildSettings = {
				ALWAYS_EMBED_SWIFT_STANDARD_LIBRARIES = YES;
				BUNDLE_LOADER = "$(TEST_HOST)";
				CODE_SIGN_STYLE = Automatic;
				INFOPLIST_FILE = ParstagramTests/Info.plist;
				IPHONEOS_DEPLOYMENT_TARGET = 13.2;
				LD_RUNPATH_SEARCH_PATHS = (
					"$(inherited)",
					"@executable_path/Frameworks",
					"@loader_path/Frameworks",
				);
				PRODUCT_BUNDLE_IDENTIFIER = com.salas.jorge.ParstagramTests;
				PRODUCT_NAME = "$(TARGET_NAME)";
				SWIFT_VERSION = 5.0;
				TARGETED_DEVICE_FAMILY = "1,2";
				TEST_HOST = "$(BUILT_PRODUCTS_DIR)/Parstagram.app/Parstagram";
			};
			name = Debug;
		};
		F1E726F52411E68F006D78E3 /* Release */ = {
			isa = XCBuildConfiguration;
			buildSettings = {
				ALWAYS_EMBED_SWIFT_STANDARD_LIBRARIES = YES;
				BUNDLE_LOADER = "$(TEST_HOST)";
				CODE_SIGN_STYLE = Automatic;
				INFOPLIST_FILE = ParstagramTests/Info.plist;
				IPHONEOS_DEPLOYMENT_TARGET = 13.2;
				LD_RUNPATH_SEARCH_PATHS = (
					"$(inherited)",
					"@executable_path/Frameworks",
					"@loader_path/Frameworks",
				);
				PRODUCT_BUNDLE_IDENTIFIER = com.salas.jorge.ParstagramTests;
				PRODUCT_NAME = "$(TARGET_NAME)";
				SWIFT_VERSION = 5.0;
				TARGETED_DEVICE_FAMILY = "1,2";
				TEST_HOST = "$(BUILT_PRODUCTS_DIR)/Parstagram.app/Parstagram";
			};
			name = Release;
		};
		F1E726F72411E68F006D78E3 /* Debug */ = {
			isa = XCBuildConfiguration;
			buildSettings = {
				ALWAYS_EMBED_SWIFT_STANDARD_LIBRARIES = YES;
				CODE_SIGN_STYLE = Automatic;
				INFOPLIST_FILE = ParstagramUITests/Info.plist;
				LD_RUNPATH_SEARCH_PATHS = (
					"$(inherited)",
					"@executable_path/Frameworks",
					"@loader_path/Frameworks",
				);
				PRODUCT_BUNDLE_IDENTIFIER = com.salas.jorge.ParstagramUITests;
				PRODUCT_NAME = "$(TARGET_NAME)";
				SWIFT_VERSION = 5.0;
				TARGETED_DEVICE_FAMILY = "1,2";
				TEST_TARGET_NAME = Parstagram;
			};
			name = Debug;
		};
		F1E726F82411E68F006D78E3 /* Release */ = {
			isa = XCBuildConfiguration;
			buildSettings = {
				ALWAYS_EMBED_SWIFT_STANDARD_LIBRARIES = YES;
				CODE_SIGN_STYLE = Automatic;
				INFOPLIST_FILE = ParstagramUITests/Info.plist;
				LD_RUNPATH_SEARCH_PATHS = (
					"$(inherited)",
					"@executable_path/Frameworks",
					"@loader_path/Frameworks",
				);
				PRODUCT_BUNDLE_IDENTIFIER = com.salas.jorge.ParstagramUITests;
				PRODUCT_NAME = "$(TARGET_NAME)";
				SWIFT_VERSION = 5.0;
				TARGETED_DEVICE_FAMILY = "1,2";
				TEST_TARGET_NAME = Parstagram;
			};
			name = Release;
		};
/* End XCBuildConfiguration section */

/* Begin XCConfigurationList section */
		F1E726C12411E68B006D78E3 /* Build configuration list for PBXProject "Parstagram" */ = {
			isa = XCConfigurationList;
			buildConfigurations = (
				F1E726EE2411E68F006D78E3 /* Debug */,
				F1E726EF2411E68F006D78E3 /* Release */,
			);
			defaultConfigurationIsVisible = 0;
			defaultConfigurationName = Release;
		};
		F1E726F02411E68F006D78E3 /* Build configuration list for PBXNativeTarget "Parstagram" */ = {
			isa = XCConfigurationList;
			buildConfigurations = (
				F1E726F12411E68F006D78E3 /* Debug */,
				F1E726F22411E68F006D78E3 /* Release */,
			);
			defaultConfigurationIsVisible = 0;
			defaultConfigurationName = Release;
		};
		F1E726F32411E68F006D78E3 /* Build configuration list for PBXNativeTarget "ParstagramTests" */ = {
			isa = XCConfigurationList;
			buildConfigurations = (
				F1E726F42411E68F006D78E3 /* Debug */,
				F1E726F52411E68F006D78E3 /* Release */,
			);
			defaultConfigurationIsVisible = 0;
			defaultConfigurationName = Release;
		};
		F1E726F62411E68F006D78E3 /* Build configuration list for PBXNativeTarget "ParstagramUITests" */ = {
			isa = XCConfigurationList;
			buildConfigurations = (
				F1E726F72411E68F006D78E3 /* Debug */,
				F1E726F82411E68F006D78E3 /* Release */,
			);
			defaultConfigurationIsVisible = 0;
			defaultConfigurationName = Release;
		};
/* End XCConfigurationList section */
	};
	rootObject = F1E726BE2411E68B006D78E3 /* Project object */;
}
